
Microsoft Visual Studio Solution File, Format Version 12.00
# Visual Studio Version 16
VisualStudioVersion = 16.0.30804.86
MinimumVisualStudioVersion = 10.0.40219.1
Project("{FAE04EC0-301F-11D3-BF4B-00C04F79EFBC}") = "OCR_Sena_180201022", "OCR_Sena_180201022\OCR_Sena_180201022.csproj", "{404455D4-33FE-4385-8197-AA482266B30B}"
EndProject
Global
	GlobalSection(SolutionConfigurationPlatforms) = preSolution
		Debug|Any CPU = Debug|Any CPU
		Release|Any CPU = Release|Any CPU
	EndGlobalSection
	GlobalSection(ProjectConfigurationPlatforms) = postSolution
		{404455D4-33FE-4385-8197-AA482266B30B}.Debug|Any CPU.ActiveCfg = Debug|Any CPU
		{404455D4-33FE-4385-8197-AA482266B30B}.Debug|Any CPU.Build.0 = Debug|Any CPU
		{404455D4-33FE-4385-8197-AA482266B30B}.Release|Any CPU.ActiveCfg = Release|Any CPU
		{404455D4-33FE-4385-8197-AA482266B30B}.Release|Any CPU.Build.0 = Release|Any CPU
	EndGlobalSection
	GlobalSection(SolutionProperties) = preSolution
		HideSolutionNode = FALSE
	EndGlobalSection
	GlobalSection(ExtensibilityGlobals) = postSolution
		SolutionGuid = {4269A7BF-74FE-4C18-9C23-413ADD8C92AA}
	EndGlobalSection
EndGlobal
